<Solution>
  <Folder Name="/src/">
    <Project Path="src/TravelOptimizer.Api/TravelOptimizer.Api.csproj" />
    <Project Path="src/TravelOptimizer.Domain/TravelOptimizer.Domain.csproj" />
    <Project Path="src/TravelOptimizer.Persistence/TravelOptimizer.Persistence.csproj" />
    <Project Path="src/TravelOptimizer.Tests/TravelOptimizer.Tests.csproj" />
  </Folder>
</Solution>
